
Microsoft Visual Studio Solution File, Format Version 12.00
# Visual Studio 15
VisualStudioVersion = 15.0.26430.16
MinimumVisualStudioVersion = 10.0.40219.1
Project("{FAE04EC0-301F-11D3-BF4B-00C04F79EFBC}") = "01. Card Suit", "01. Card Suit\01. Card Suit.csproj", "{A7B00EF9-578A-49D2-8A2C-72F3151848B0}"
EndProject
Project("{FAE04EC0-301F-11D3-BF4B-00C04F79EFBC}") = "02. Card Rank", "02. Card Rank\02. Card Rank.csproj", "{5885B79A-D7C4-42C4-BB53-5C21BDC93B9D}"
EndProject
Project("{FAE04EC0-301F-11D3-BF4B-00C04F79EFBC}") = "03. Card Power", "03. Card Power\03. Card Power.csproj", "{09F37DE5-80F1-420B-A80A-455EC33270EC}"
EndProject
Project("{FAE04EC0-301F-11D3-BF4B-00C04F79EFBC}") = "09. Traffic Lights", "09. Traffic Lights\09. Traffic Lights.csproj", "{E7498EDA-346F-40F2-B6CD-E3300395E102}"
EndProject
Global
	GlobalSection(SolutionConfigurationPlatforms) = preSolution
		Debug|Any CPU = Debug|Any CPU
		Release|Any CPU = Release|Any CPU
	EndGlobalSection
	GlobalSection(ProjectConfigurationPlatforms) = postSolution
		{A7B00EF9-578A-49D2-8A2C-72F3151848B0}.Debug|Any CPU.ActiveCfg = Debug|Any CPU
		{A7B00EF9-578A-49D2-8A2C-72F3151848B0}.Debug|Any CPU.Build.0 = Debug|Any CPU
		{A7B00EF9-578A-49D2-8A2C-72F3151848B0}.Release|Any CPU.ActiveCfg = Release|Any CPU
		{A7B00EF9-578A-49D2-8A2C-72F3151848B0}.Release|Any CPU.Build.0 = Release|Any CPU
		{5885B79A-D7C4-42C4-BB53-5C21BDC93B9D}.Debug|Any CPU.ActiveCfg = Debug|Any CPU
		{5885B79A-D7C4-42C4-BB53-5C21BDC93B9D}.Debug|Any CPU.Build.0 = Debug|Any CPU
		{5885B79A-D7C4-42C4-BB53-5C21BDC93B9D}.Release|Any CPU.ActiveCfg = Release|Any CPU
		{5885B79A-D7C4-42C4-BB53-5C21BDC93B9D}.Release|Any CPU.Build.0 = Release|Any CPU
		{09F37DE5-80F1-420B-A80A-455EC33270EC}.Debug|Any CPU.ActiveCfg = Debug|Any CPU
		{09F37DE5-80F1-420B-A80A-455EC33270EC}.Debug|Any CPU.Build.0 = Debug|Any CPU
		{09F37DE5-80F1-420B-A80A-455EC33270EC}.Release|Any CPU.ActiveCfg = Release|Any CPU
		{09F37DE5-80F1-420B-A80A-455EC33270EC}.Release|Any CPU.Build.0 = Release|Any CPU
		{E7498EDA-346F-40F2-B6CD-E3300395E102}.Debug|Any CPU.ActiveCfg = Debug|Any CPU
		{E7498EDA-346F-40F2-B6CD-E3300395E102}.Debug|Any CPU.Build.0 = Debug|Any CPU
		{E7498EDA-346F-40F2-B6CD-E3300395E102}.Release|Any CPU.ActiveCfg = Release|Any CPU
		{E7498EDA-346F-40F2-B6CD-E3300395E102}.Release|Any CPU.Build.0 = Release|Any CPU
	EndGlobalSection
	GlobalSection(SolutionProperties) = preSolution
		HideSolutionNode = FALSE
	EndGlobalSection
EndGlobal
