
Microsoft Visual Studio Solution File, Format Version 12.00
# Visual Studio 14
VisualStudioVersion = 14.0.25420.1
MinimumVisualStudioVersion = 10.0.40219.1
Project("{FAE04EC0-301F-11D3-BF4B-00C04F79EFBC}") = "01. Odd Lines", "01. Odd Lines\01. Odd Lines.csproj", "{689043CA-7FFF-40F3-8E17-9BF0C4398CB4}"
EndProject
Project("{FAE04EC0-301F-11D3-BF4B-00C04F79EFBC}") = "02. Line Numbers", "02. Line Numbers\02. Line Numbers.csproj", "{BEBF94CE-F368-41C2-8CFF-09AB8F61E860}"
EndProject
Global
	GlobalSection(SolutionConfigurationPlatforms) = preSolution
		Debug|Any CPU = Debug|Any CPU
		Release|Any CPU = Release|Any CPU
	EndGlobalSection
	GlobalSection(ProjectConfigurationPlatforms) = postSolution
		{689043CA-7FFF-40F3-8E17-9BF0C4398CB4}.Debug|Any CPU.ActiveCfg = Debug|Any CPU
		{689043CA-7FFF-40F3-8E17-9BF0C4398CB4}.Debug|Any CPU.Build.0 = Debug|Any CPU
		{689043CA-7FFF-40F3-8E17-9BF0C4398CB4}.Release|Any CPU.ActiveCfg = Release|Any CPU
		{689043CA-7FFF-40F3-8E17-9BF0C4398CB4}.Release|Any CPU.Build.0 = Release|Any CPU
		{BEBF94CE-F368-41C2-8CFF-09AB8F61E860}.Debug|Any CPU.ActiveCfg = Debug|Any CPU
		{BEBF94CE-F368-41C2-8CFF-09AB8F61E860}.Debug|Any CPU.Build.0 = Debug|Any CPU
		{BEBF94CE-F368-41C2-8CFF-09AB8F61E860}.Release|Any CPU.ActiveCfg = Release|Any CPU
		{BEBF94CE-F368-41C2-8CFF-09AB8F61E860}.Release|Any CPU.Build.0 = Release|Any CPU
	EndGlobalSection
	GlobalSection(SolutionProperties) = preSolution
		HideSolutionNode = FALSE
	EndGlobalSection
EndGlobal
