
Microsoft Visual Studio Solution File, Format Version 12.00
# Visual Studio 15
VisualStudioVersion = 15.0.26430.6
MinimumVisualStudioVersion = 10.0.40219.1
Project("{FAE04EC0-301F-11D3-BF4B-00C04F79EFBC}") = "01. Reverse Numbers with a Stack", "01. Reverse Numbers with a Stack\01. Reverse Numbers with a Stack.csproj", "{24C44C5D-838A-4B25-8B3E-FF9F23C0D43C}"
EndProject
Project("{FAE04EC0-301F-11D3-BF4B-00C04F79EFBC}") = "02. Basic Stack Operations", "02. Basic Stack Operations\02. Basic Stack Operations.csproj", "{34B2D6E6-F039-4691-B4A5-90C615B6AD88}"
EndProject
Project("{FAE04EC0-301F-11D3-BF4B-00C04F79EFBC}") = "03. Maximum Element", "03. Maximum Element\03. Maximum Element.csproj", "{C8E53674-E973-433F-B361-6B39393605D9}"
EndProject
Project("{FAE04EC0-301F-11D3-BF4B-00C04F79EFBC}") = "06. Truck Tour", "06. Truck Tour\06. Truck Tour.csproj", "{D2B4D7F9-41AC-4C58-9B4F-AC776FC9A666}"
EndProject
Global
	GlobalSection(SolutionConfigurationPlatforms) = preSolution
		Debug|Any CPU = Debug|Any CPU
		Release|Any CPU = Release|Any CPU
	EndGlobalSection
	GlobalSection(ProjectConfigurationPlatforms) = postSolution
		{24C44C5D-838A-4B25-8B3E-FF9F23C0D43C}.Debug|Any CPU.ActiveCfg = Debug|Any CPU
		{24C44C5D-838A-4B25-8B3E-FF9F23C0D43C}.Debug|Any CPU.Build.0 = Debug|Any CPU
		{24C44C5D-838A-4B25-8B3E-FF9F23C0D43C}.Release|Any CPU.ActiveCfg = Release|Any CPU
		{24C44C5D-838A-4B25-8B3E-FF9F23C0D43C}.Release|Any CPU.Build.0 = Release|Any CPU
		{34B2D6E6-F039-4691-B4A5-90C615B6AD88}.Debug|Any CPU.ActiveCfg = Debug|Any CPU
		{34B2D6E6-F039-4691-B4A5-90C615B6AD88}.Debug|Any CPU.Build.0 = Debug|Any CPU
		{34B2D6E6-F039-4691-B4A5-90C615B6AD88}.Release|Any CPU.ActiveCfg = Release|Any CPU
		{34B2D6E6-F039-4691-B4A5-90C615B6AD88}.Release|Any CPU.Build.0 = Release|Any CPU
		{C8E53674-E973-433F-B361-6B39393605D9}.Debug|Any CPU.ActiveCfg = Debug|Any CPU
		{C8E53674-E973-433F-B361-6B39393605D9}.Debug|Any CPU.Build.0 = Debug|Any CPU
		{C8E53674-E973-433F-B361-6B39393605D9}.Release|Any CPU.ActiveCfg = Release|Any CPU
		{C8E53674-E973-433F-B361-6B39393605D9}.Release|Any CPU.Build.0 = Release|Any CPU
		{D2B4D7F9-41AC-4C58-9B4F-AC776FC9A666}.Debug|Any CPU.ActiveCfg = Debug|Any CPU
		{D2B4D7F9-41AC-4C58-9B4F-AC776FC9A666}.Debug|Any CPU.Build.0 = Debug|Any CPU
		{D2B4D7F9-41AC-4C58-9B4F-AC776FC9A666}.Release|Any CPU.ActiveCfg = Release|Any CPU
		{D2B4D7F9-41AC-4C58-9B4F-AC776FC9A666}.Release|Any CPU.Build.0 = Release|Any CPU
	EndGlobalSection
	GlobalSection(SolutionProperties) = preSolution
		HideSolutionNode = FALSE
	EndGlobalSection
EndGlobal
