
Microsoft Visual Studio Solution File, Format Version 12.00
# Visual Studio 14
VisualStudioVersion = 14.0.25420.1
MinimumVisualStudioVersion = 10.0.40219.1
Project("{FAE04EC0-301F-11D3-BF4B-00C04F79EFBC}") = "01. Time Since Birthday", "DataTypesNumeralTypesAndTypeConversion-Lab\01. Time Since Birthday.csproj", "{68089DF5-8E81-4CD6-AF79-524AAC84919D}"
EndProject
Project("{FAE04EC0-301F-11D3-BF4B-00C04F79EFBC}") = "02. Circle Perimeter (12 Digits Precision)", "02. Circle Perimeter (12 Digits Precision)\02. Circle Perimeter (12 Digits Precision).csproj", "{7EBD4E72-A16E-44D5-B0D0-F160418B27FC}"
EndProject
Project("{FAE04EC0-301F-11D3-BF4B-00C04F79EFBC}") = "03. Exact Product of Real Numbers", "03. Exact Product of Real Numbers\03. Exact Product of Real Numbers.csproj", "{F83A5631-1739-4750-B301-E41D9E6A1A0E}"
EndProject
Project("{FAE04EC0-301F-11D3-BF4B-00C04F79EFBC}") = "04.Transport", "04.Transport\04.Transport.csproj", "{3149A462-9D80-4958-B058-C99B9CB65218}"
EndProject
Global
	GlobalSection(SolutionConfigurationPlatforms) = preSolution
		Debug|Any CPU = Debug|Any CPU
		Release|Any CPU = Release|Any CPU
	EndGlobalSection
	GlobalSection(ProjectConfigurationPlatforms) = postSolution
		{68089DF5-8E81-4CD6-AF79-524AAC84919D}.Debug|Any CPU.ActiveCfg = Debug|Any CPU
		{68089DF5-8E81-4CD6-AF79-524AAC84919D}.Debug|Any CPU.Build.0 = Debug|Any CPU
		{68089DF5-8E81-4CD6-AF79-524AAC84919D}.Release|Any CPU.ActiveCfg = Release|Any CPU
		{68089DF5-8E81-4CD6-AF79-524AAC84919D}.Release|Any CPU.Build.0 = Release|Any CPU
		{7EBD4E72-A16E-44D5-B0D0-F160418B27FC}.Debug|Any CPU.ActiveCfg = Debug|Any CPU
		{7EBD4E72-A16E-44D5-B0D0-F160418B27FC}.Debug|Any CPU.Build.0 = Debug|Any CPU
		{7EBD4E72-A16E-44D5-B0D0-F160418B27FC}.Release|Any CPU.ActiveCfg = Release|Any CPU
		{7EBD4E72-A16E-44D5-B0D0-F160418B27FC}.Release|Any CPU.Build.0 = Release|Any CPU
		{F83A5631-1739-4750-B301-E41D9E6A1A0E}.Debug|Any CPU.ActiveCfg = Debug|Any CPU
		{F83A5631-1739-4750-B301-E41D9E6A1A0E}.Debug|Any CPU.Build.0 = Debug|Any CPU
		{F83A5631-1739-4750-B301-E41D9E6A1A0E}.Release|Any CPU.ActiveCfg = Release|Any CPU
		{F83A5631-1739-4750-B301-E41D9E6A1A0E}.Release|Any CPU.Build.0 = Release|Any CPU
		{3149A462-9D80-4958-B058-C99B9CB65218}.Debug|Any CPU.ActiveCfg = Debug|Any CPU
		{3149A462-9D80-4958-B058-C99B9CB65218}.Debug|Any CPU.Build.0 = Debug|Any CPU
		{3149A462-9D80-4958-B058-C99B9CB65218}.Release|Any CPU.ActiveCfg = Release|Any CPU
		{3149A462-9D80-4958-B058-C99B9CB65218}.Release|Any CPU.Build.0 = Release|Any CPU
	EndGlobalSection
	GlobalSection(SolutionProperties) = preSolution
		HideSolutionNode = FALSE
	EndGlobalSection
EndGlobal
