
Microsoft Visual Studio Solution File, Format Version 12.00
# Visual Studio 14
VisualStudioVersion = 14.0.25420.1
MinimumVisualStudioVersion = 10.0.40219.1
Project("{FAE04EC0-301F-11D3-BF4B-00C04F79EFBC}") = "01. Cards", "01. Cards\01. Cards.csproj", "{BCC68EA2-EC34-4A4E-ABDB-7E188A735BB6}"
EndProject
Project("{FAE04EC0-301F-11D3-BF4B-00C04F79EFBC}") = "02. Fish Statistics", "02. Fish Statistics\02. Fish Statistics.csproj", "{72738928-D595-4F01-8DED-A0AA5EAF8AB6}"
EndProject
Project("{FAE04EC0-301F-11D3-BF4B-00C04F79EFBC}") = "03. Word encounter", "03. Word encounter\03. Word encounter.csproj", "{46459B8A-FCE8-4184-BACC-6DB9AEA3B4E6}"
EndProject
Global
	GlobalSection(SolutionConfigurationPlatforms) = preSolution
		Debug|Any CPU = Debug|Any CPU
		Release|Any CPU = Release|Any CPU
	EndGlobalSection
	GlobalSection(ProjectConfigurationPlatforms) = postSolution
		{BCC68EA2-EC34-4A4E-ABDB-7E188A735BB6}.Debug|Any CPU.ActiveCfg = Debug|Any CPU
		{BCC68EA2-EC34-4A4E-ABDB-7E188A735BB6}.Debug|Any CPU.Build.0 = Debug|Any CPU
		{BCC68EA2-EC34-4A4E-ABDB-7E188A735BB6}.Release|Any CPU.ActiveCfg = Release|Any CPU
		{BCC68EA2-EC34-4A4E-ABDB-7E188A735BB6}.Release|Any CPU.Build.0 = Release|Any CPU
		{72738928-D595-4F01-8DED-A0AA5EAF8AB6}.Debug|Any CPU.ActiveCfg = Debug|Any CPU
		{72738928-D595-4F01-8DED-A0AA5EAF8AB6}.Debug|Any CPU.Build.0 = Debug|Any CPU
		{72738928-D595-4F01-8DED-A0AA5EAF8AB6}.Release|Any CPU.ActiveCfg = Release|Any CPU
		{72738928-D595-4F01-8DED-A0AA5EAF8AB6}.Release|Any CPU.Build.0 = Release|Any CPU
		{46459B8A-FCE8-4184-BACC-6DB9AEA3B4E6}.Debug|Any CPU.ActiveCfg = Debug|Any CPU
		{46459B8A-FCE8-4184-BACC-6DB9AEA3B4E6}.Debug|Any CPU.Build.0 = Debug|Any CPU
		{46459B8A-FCE8-4184-BACC-6DB9AEA3B4E6}.Release|Any CPU.ActiveCfg = Release|Any CPU
		{46459B8A-FCE8-4184-BACC-6DB9AEA3B4E6}.Release|Any CPU.Build.0 = Release|Any CPU
	EndGlobalSection
	GlobalSection(SolutionProperties) = preSolution
		HideSolutionNode = FALSE
	EndGlobalSection
EndGlobal
