
Microsoft Visual Studio Solution File, Format Version 12.00
# Visual Studio 14
VisualStudioVersion = 14.0.25420.1
MinimumVisualStudioVersion = 10.0.40219.1
Project("{FAE04EC0-301F-11D3-BF4B-00C04F79EFBC}") = "01. Day of Week", "01. Day of Week\01. Day of Week.csproj", "{2059DBF6-F701-4105-811B-65AC0827C23B}"
EndProject
Project("{FAE04EC0-301F-11D3-BF4B-00C04F79EFBC}") = "02. Randomize Words", "02. Randomize Words\02. Randomize Words.csproj", "{975123E1-B1B2-41C3-8CC1-D4192A74248F}"
EndProject
Project("{FAE04EC0-301F-11D3-BF4B-00C04F79EFBC}") = "03. Big Factorial", "03. Big Factorial\03. Big Factorial.csproj", "{8C699EAA-3417-4388-AE8A-35A86478E67A}"
EndProject
Project("{FAE04EC0-301F-11D3-BF4B-00C04F79EFBC}") = "04. Distance Between Points", "04. Distance Between Points\04. Distance Between Points.csproj", "{4B4247D7-3DBA-42EA-8678-2436DE61B348}"
EndProject
Global
	GlobalSection(SolutionConfigurationPlatforms) = preSolution
		Debug|Any CPU = Debug|Any CPU
		Release|Any CPU = Release|Any CPU
	EndGlobalSection
	GlobalSection(ProjectConfigurationPlatforms) = postSolution
		{2059DBF6-F701-4105-811B-65AC0827C23B}.Debug|Any CPU.ActiveCfg = Debug|Any CPU
		{2059DBF6-F701-4105-811B-65AC0827C23B}.Debug|Any CPU.Build.0 = Debug|Any CPU
		{2059DBF6-F701-4105-811B-65AC0827C23B}.Release|Any CPU.ActiveCfg = Release|Any CPU
		{2059DBF6-F701-4105-811B-65AC0827C23B}.Release|Any CPU.Build.0 = Release|Any CPU
		{975123E1-B1B2-41C3-8CC1-D4192A74248F}.Debug|Any CPU.ActiveCfg = Debug|Any CPU
		{975123E1-B1B2-41C3-8CC1-D4192A74248F}.Debug|Any CPU.Build.0 = Debug|Any CPU
		{975123E1-B1B2-41C3-8CC1-D4192A74248F}.Release|Any CPU.ActiveCfg = Release|Any CPU
		{975123E1-B1B2-41C3-8CC1-D4192A74248F}.Release|Any CPU.Build.0 = Release|Any CPU
		{8C699EAA-3417-4388-AE8A-35A86478E67A}.Debug|Any CPU.ActiveCfg = Debug|Any CPU
		{8C699EAA-3417-4388-AE8A-35A86478E67A}.Debug|Any CPU.Build.0 = Debug|Any CPU
		{8C699EAA-3417-4388-AE8A-35A86478E67A}.Release|Any CPU.ActiveCfg = Release|Any CPU
		{8C699EAA-3417-4388-AE8A-35A86478E67A}.Release|Any CPU.Build.0 = Release|Any CPU
		{4B4247D7-3DBA-42EA-8678-2436DE61B348}.Debug|Any CPU.ActiveCfg = Debug|Any CPU
		{4B4247D7-3DBA-42EA-8678-2436DE61B348}.Debug|Any CPU.Build.0 = Debug|Any CPU
		{4B4247D7-3DBA-42EA-8678-2436DE61B348}.Release|Any CPU.ActiveCfg = Release|Any CPU
		{4B4247D7-3DBA-42EA-8678-2436DE61B348}.Release|Any CPU.Build.0 = Release|Any CPU
	EndGlobalSection
	GlobalSection(SolutionProperties) = preSolution
		HideSolutionNode = FALSE
	EndGlobalSection
EndGlobal
