
Microsoft Visual Studio Solution File, Format Version 12.00
# Visual Studio 14
VisualStudioVersion = 14.0.25420.1
MinimumVisualStudioVersion = 10.0.40219.1
Project("{FAE04EC0-301F-11D3-BF4B-00C04F79EFBC}") = "02. Count substring occurrences", "02. Count substring occurrences\02. Count substring occurrences.csproj", "{F327092A-31CE-42EF-9151-EF81F4B1B1F4}"
EndProject
Project("{FAE04EC0-301F-11D3-BF4B-00C04F79EFBC}") = "01. Reverse string", "01. Reverse string\01. Reverse string.csproj", "{3A0D0876-E18A-4B4B-A0CB-A1B8D8191C6A}"
EndProject
Project("{FAE04EC0-301F-11D3-BF4B-00C04F79EFBC}") = "03. Text filter", "03. Text filter\03. Text filter.csproj", "{98071315-357A-46E1-82BA-39D8CBAE7EC4}"
EndProject
Global
	GlobalSection(SolutionConfigurationPlatforms) = preSolution
		Debug|Any CPU = Debug|Any CPU
		Release|Any CPU = Release|Any CPU
	EndGlobalSection
	GlobalSection(ProjectConfigurationPlatforms) = postSolution
		{F327092A-31CE-42EF-9151-EF81F4B1B1F4}.Debug|Any CPU.ActiveCfg = Debug|Any CPU
		{F327092A-31CE-42EF-9151-EF81F4B1B1F4}.Debug|Any CPU.Build.0 = Debug|Any CPU
		{F327092A-31CE-42EF-9151-EF81F4B1B1F4}.Release|Any CPU.ActiveCfg = Release|Any CPU
		{F327092A-31CE-42EF-9151-EF81F4B1B1F4}.Release|Any CPU.Build.0 = Release|Any CPU
		{3A0D0876-E18A-4B4B-A0CB-A1B8D8191C6A}.Debug|Any CPU.ActiveCfg = Debug|Any CPU
		{3A0D0876-E18A-4B4B-A0CB-A1B8D8191C6A}.Debug|Any CPU.Build.0 = Debug|Any CPU
		{3A0D0876-E18A-4B4B-A0CB-A1B8D8191C6A}.Release|Any CPU.ActiveCfg = Release|Any CPU
		{3A0D0876-E18A-4B4B-A0CB-A1B8D8191C6A}.Release|Any CPU.Build.0 = Release|Any CPU
		{98071315-357A-46E1-82BA-39D8CBAE7EC4}.Debug|Any CPU.ActiveCfg = Debug|Any CPU
		{98071315-357A-46E1-82BA-39D8CBAE7EC4}.Debug|Any CPU.Build.0 = Debug|Any CPU
		{98071315-357A-46E1-82BA-39D8CBAE7EC4}.Release|Any CPU.ActiveCfg = Release|Any CPU
		{98071315-357A-46E1-82BA-39D8CBAE7EC4}.Release|Any CPU.Build.0 = Release|Any CPU
	EndGlobalSection
	GlobalSection(SolutionProperties) = preSolution
		HideSolutionNode = FALSE
	EndGlobalSection
EndGlobal
