
Microsoft Visual Studio Solution File, Format Version 12.00
# Visual Studio 15
VisualStudioVersion = 15.0.26430.6
MinimumVisualStudioVersion = 10.0.40219.1
Project("{FAE04EC0-301F-11D3-BF4B-00C04F79EFBC}") = "01. Parking Lot", "01. Parking Lot\01. Parking Lot.csproj", "{1AD30E37-3322-4089-81A7-746DDAD7D23E}"
EndProject
Project("{FAE04EC0-301F-11D3-BF4B-00C04F79EFBC}") = "02. SoftUni Party", "02. SoftUni Party\02. SoftUni Party.csproj", "{83951C42-F29C-4F90-9692-13F636578449}"
EndProject
Project("{FAE04EC0-301F-11D3-BF4B-00C04F79EFBC}") = "03. Count Same Values in Array", "03. Count Same Values in Array\03. Count Same Values in Array.csproj", "{231B3328-AFC7-4F02-A8BC-35B7B7CF1D2B}"
EndProject
Project("{FAE04EC0-301F-11D3-BF4B-00C04F79EFBC}") = "04. Academy Graduation", "04. Academy Graduation\04. Academy Graduation.csproj", "{14F3B42C-1ED0-4D88-921B-762F23F5AD41}"
EndProject
Global
	GlobalSection(SolutionConfigurationPlatforms) = preSolution
		Debug|Any CPU = Debug|Any CPU
		Release|Any CPU = Release|Any CPU
	EndGlobalSection
	GlobalSection(ProjectConfigurationPlatforms) = postSolution
		{1AD30E37-3322-4089-81A7-746DDAD7D23E}.Debug|Any CPU.ActiveCfg = Debug|Any CPU
		{1AD30E37-3322-4089-81A7-746DDAD7D23E}.Debug|Any CPU.Build.0 = Debug|Any CPU
		{1AD30E37-3322-4089-81A7-746DDAD7D23E}.Release|Any CPU.ActiveCfg = Release|Any CPU
		{1AD30E37-3322-4089-81A7-746DDAD7D23E}.Release|Any CPU.Build.0 = Release|Any CPU
		{83951C42-F29C-4F90-9692-13F636578449}.Debug|Any CPU.ActiveCfg = Debug|Any CPU
		{83951C42-F29C-4F90-9692-13F636578449}.Debug|Any CPU.Build.0 = Debug|Any CPU
		{83951C42-F29C-4F90-9692-13F636578449}.Release|Any CPU.ActiveCfg = Release|Any CPU
		{83951C42-F29C-4F90-9692-13F636578449}.Release|Any CPU.Build.0 = Release|Any CPU
		{231B3328-AFC7-4F02-A8BC-35B7B7CF1D2B}.Debug|Any CPU.ActiveCfg = Debug|Any CPU
		{231B3328-AFC7-4F02-A8BC-35B7B7CF1D2B}.Debug|Any CPU.Build.0 = Debug|Any CPU
		{231B3328-AFC7-4F02-A8BC-35B7B7CF1D2B}.Release|Any CPU.ActiveCfg = Release|Any CPU
		{231B3328-AFC7-4F02-A8BC-35B7B7CF1D2B}.Release|Any CPU.Build.0 = Release|Any CPU
		{14F3B42C-1ED0-4D88-921B-762F23F5AD41}.Debug|Any CPU.ActiveCfg = Debug|Any CPU
		{14F3B42C-1ED0-4D88-921B-762F23F5AD41}.Debug|Any CPU.Build.0 = Debug|Any CPU
		{14F3B42C-1ED0-4D88-921B-762F23F5AD41}.Release|Any CPU.ActiveCfg = Release|Any CPU
		{14F3B42C-1ED0-4D88-921B-762F23F5AD41}.Release|Any CPU.Build.0 = Release|Any CPU
	EndGlobalSection
	GlobalSection(SolutionProperties) = preSolution
		HideSolutionNode = FALSE
	EndGlobalSection
EndGlobal
