
Microsoft Visual Studio Solution File, Format Version 12.00
# Visual Studio 14
VisualStudioVersion = 14.0.25420.1
MinimumVisualStudioVersion = 10.0.40219.1
Project("{FAE04EC0-301F-11D3-BF4B-00C04F79EFBC}") = "01. Serialize String", "01. Serialize String\01. Serialize String.csproj", "{95213F55-C45E-402E-BBD5-F479797AFC11}"
EndProject
Project("{FAE04EC0-301F-11D3-BF4B-00C04F79EFBC}") = "02. Stateless", "02. Stateless\02. Stateless.csproj", "{5C1D35B1-BDA3-4ED3-9A27-6046DCE4FB28}"
EndProject
Project("{FAE04EC0-301F-11D3-BF4B-00C04F79EFBC}") = "03. Pyramidic", "03. Pyramidic\03. Pyramidic.csproj", "{D902ABAD-0880-4E3D-B092-5C83EC993AAA}"
EndProject
Global
	GlobalSection(SolutionConfigurationPlatforms) = preSolution
		Debug|Any CPU = Debug|Any CPU
		Release|Any CPU = Release|Any CPU
	EndGlobalSection
	GlobalSection(ProjectConfigurationPlatforms) = postSolution
		{95213F55-C45E-402E-BBD5-F479797AFC11}.Debug|Any CPU.ActiveCfg = Debug|Any CPU
		{95213F55-C45E-402E-BBD5-F479797AFC11}.Debug|Any CPU.Build.0 = Debug|Any CPU
		{95213F55-C45E-402E-BBD5-F479797AFC11}.Release|Any CPU.ActiveCfg = Release|Any CPU
		{95213F55-C45E-402E-BBD5-F479797AFC11}.Release|Any CPU.Build.0 = Release|Any CPU
		{5C1D35B1-BDA3-4ED3-9A27-6046DCE4FB28}.Debug|Any CPU.ActiveCfg = Debug|Any CPU
		{5C1D35B1-BDA3-4ED3-9A27-6046DCE4FB28}.Debug|Any CPU.Build.0 = Debug|Any CPU
		{5C1D35B1-BDA3-4ED3-9A27-6046DCE4FB28}.Release|Any CPU.ActiveCfg = Release|Any CPU
		{5C1D35B1-BDA3-4ED3-9A27-6046DCE4FB28}.Release|Any CPU.Build.0 = Release|Any CPU
		{D902ABAD-0880-4E3D-B092-5C83EC993AAA}.Debug|Any CPU.ActiveCfg = Debug|Any CPU
		{D902ABAD-0880-4E3D-B092-5C83EC993AAA}.Debug|Any CPU.Build.0 = Debug|Any CPU
		{D902ABAD-0880-4E3D-B092-5C83EC993AAA}.Release|Any CPU.ActiveCfg = Release|Any CPU
		{D902ABAD-0880-4E3D-B092-5C83EC993AAA}.Release|Any CPU.Build.0 = Release|Any CPU
	EndGlobalSection
	GlobalSection(SolutionProperties) = preSolution
		HideSolutionNode = FALSE
	EndGlobalSection
EndGlobal
